
Microsoft Visual Studio Solution File, Format Version 12.00
# Visual Studio Version 16
VisualStudioVersion = 16.0.31424.327
MinimumVisualStudioVersion = 10.0.40219.1
Project("{FAE04EC0-301F-11D3-BF4B-00C04F79EFBC}") = "MatcherGame", "MatcherGame\MatcherGame.csproj", "{B85049A8-B6FC-459C-8492-B1EF3C09D031}"
EndProject
Global
	GlobalSection(SolutionConfigurationPlatforms) = preSolution
		Debug|Any CPU = Debug|Any CPU
		Release|Any CPU = Release|Any CPU
	EndGlobalSection
	GlobalSection(ProjectConfigurationPlatforms) = postSolution
		{B85049A8-B6FC-459C-8492-B1EF3C09D031}.Debug|Any CPU.ActiveCfg = Debug|Any CPU
		{B85049A8-B6FC-459C-8492-B1EF3C09D031}.Debug|Any CPU.Build.0 = Debug|Any CPU
		{B85049A8-B6FC-459C-8492-B1EF3C09D031}.Release|Any CPU.ActiveCfg = Release|Any CPU
		{B85049A8-B6FC-459C-8492-B1EF3C09D031}.Release|Any CPU.Build.0 = Release|Any CPU
	EndGlobalSection
	GlobalSection(SolutionProperties) = preSolution
		HideSolutionNode = FALSE
	EndGlobalSection
	GlobalSection(ExtensibilityGlobals) = postSolution
		SolutionGuid = {AE6C6F82-A0D5-4E79-A4E9-0C923F9DC6F3}
	EndGlobalSection
EndGlobal
